// !$*UTF8*$!
{
	archiveVersion = 1;
	classes = {
	};
	objectVersion = 56;
	objects = {

/* Begin PBXBuildFile section */
		9B1734132C647055005DF51B /* AppDelegate.swift in Sources */ = {isa = PBXBuildFile; fileRef = 9B1734122C647055005DF51B /* AppDelegate.swift */; };
		9B1734152C647055005DF51B /* SceneDelegate.swift in Sources */ = {isa = PBXBuildFile; fileRef = 9B1734142C647055005DF51B /* SceneDelegate.swift */; };
		9B1734172C647055005DF51B /* ViewController.swift in Sources */ = {isa = PBXBuildFile; fileRef = 9B1734162C647055005DF51B /* ViewController.swift */; };
		9B17341A2C647055005DF51B /* Main.storyboard in Resources */ = {isa = PBXBuildFile; fileRef = 9B1734182C647055005DF51B /* Main.storyboard */; };
		9B17341C2C647059005DF51B /* Assets.xcassets in Resources */ = {isa = PBXBuildFile; fileRef = 9B17341B2C647059005DF51B /* Assets.xcassets */; };
		9B17341F2C647059005DF51B /* LaunchScreen.storyboard in Resources */ = {isa = PBXBuildFile; fileRef = 9B17341D2C647059005DF51B /* LaunchScreen.storyboard */; };
		9B17342A2C647059005DF51B /* FaqsDemoTests.swift in Sources */ = {isa = PBXBuildFile; fileRef = 9B1734292C647059005DF51B /* FaqsDemoTests.swift */; };
		9B1734342C647059005DF51B /* FaqsDemoUITests.swift in Sources */ = {isa = PBXBuildFile; fileRef = 9B1734332C647059005DF51B /* FaqsDemoUITests.swift */; };
		9B1734362C647059005DF51B /* FaqsDemoUITestsLaunchTests.swift in Sources */ = {isa = PBXBuildFile; fileRef = 9B1734352C647059005DF51B /* FaqsDemoUITestsLaunchTests.swift */; };
/* End PBXBuildFile section */

/* Begin PBXContainerItemProxy section */
		9B1734262C647059005DF51B /* PBXContainerItemProxy */ = {
			isa = PBXContainerItemProxy;
			containerPortal = 9B1734072C647055005DF51B /* Project object */;
			proxyType = 1;
			remoteGlobalIDString = 9B17340E2C647055005DF51B;
			remoteInfo = FaqsDemo;
		};
		9B1734302C647059005DF51B /* PBXContainerItemProxy */ = {
			isa = PBXContainerItemProxy;
			containerPortal = 9B1734072C647055005DF51B /* Project object */;
			proxyType = 1;
			remoteGlobalIDString = 9B17340E2C647055005DF51B;
			remoteInfo = FaqsDemo;
		};
/* End PBXContainerItemProxy section */

/* Begin PBXFileReference section */
		9B17340F2C647055005DF51B /* FaqsDemo.app */ = {isa = PBXFileReference; explicitFileType = wrapper.application; includeInIndex = 0; path = FaqsDemo.app; sourceTree = BUILT_PRODUCTS_DIR; };
		9B1734122C647055005DF51B /* AppDelegate.swift */ = {isa = PBXFileReference; lastKnownFileType = sourcecode.swift; path = AppDelegate.swift; sourceTree = "<group>"; };
		9B1734142C647055005DF51B /* SceneDelegate.swift */ = {isa = PBXFileReference; lastKnownFileType = sourcecode.swift; path = SceneDelegate.swift; sourceTree = "<group>"; };
		9B1734162C647055005DF51B /* ViewController.swift */ = {isa = PBXFileReference; lastKnownFileType = sourcecode.swift; path = ViewController.swift; sourceTree = "<group>"; };
		9B1734192C647055005DF51B /* Base */ = {isa = PBXFileReference; lastKnownFileType = file.storyboard; name = Base; path = Base.lproj/Main.storyboard; sourceTree = "<group>"; };
		9B17341B2C647059005DF51B /* Assets.xcassets */ = {isa = PBXFileReference; lastKnownFileType = folder.assetcatalog; path = Assets.xcassets; sourceTree = "<group>"; };
		9B17341E2C647059005DF51B /* Base */ = {isa = PBXFileReference; lastKnownFileType = file.storyboard; name = Base; path = Base.lproj/LaunchScreen.storyboard; sourceTree = "<group>"; };
		9B1734202C647059005DF51B /* Info.plist */ = {isa = PBXFileReference; lastKnownFileType = text.plist.xml; path = Info.plist; sourceTree = "<group>"; };
		9B1734252C647059005DF51B /* FaqsDemoTests.xctest */ = {isa = PBXFileReference; explicitFileType = wrapper.cfbundle; includeInIndex = 0; path = FaqsDemoTests.xctest; sourceTree = BUILT_PRODUCTS_DIR; };
		9B1734292C647059005DF51B /* FaqsDemoTests.swift */ = {isa = PBXFileReference; lastKnownFileType = sourcecode.swift; path = FaqsDemoTests.swift; sourceTree = "<group>"; };
		9B17342F2C647059005DF51B /* FaqsDemoUITests.xctest */ = {isa = PBXFileReference; explicitFileType = wrapper.cfbundle; includeInIndex = 0; path = FaqsDemoUITests.xctest; sourceTree = BUILT_PRODUCTS_DIR; };
		9B1734332C647059005DF51B /* FaqsDemoUITests.swift */ = {isa = PBXFileReference; lastKnownFileType = sourcecode.swift; path = FaqsDemoUITests.swift; sourceTree = "<group>"; };
		9B1734352C647059005DF51B /* FaqsDemoUITestsLaunchTests.swift */ = {isa = PBXFileReference; lastKnownFileType = sourcecode.swift; path = FaqsDemoUITestsLaunchTests.swift; sourceTree = "<group>"; };
/* End PBXFileReference section */

/* Begin PBXFrameworksBuildPhase section */
		9B17340C2C647055005DF51B /* Frameworks */ = {
			isa = PBXFrameworksBuildPhase;
			buildActionMask = 2147483647;
			files = (
			);
			runOnlyForDeploymentPostprocessing = 0;
		};
		9B1734222C647059005DF51B /* Frameworks */ = {
			isa = PBXFrameworksBuildPhase;
			buildActionMask = 2147483647;
			files = (
			);
			runOnlyForDeploymentPostprocessing = 0;
		};
		9B17342C2C647059005DF51B /* Frameworks */ = {
			isa = PBXFrameworksBuildPhase;
			buildActionMask = 2147483647;
			files = (
			);
			runOnlyForDeploymentPostprocessing = 0;
		};
/* End PBXFrameworksBuildPhase section */

/* Begin PBXGroup section */
		9B1734062C647055005DF51B = {
			isa = PBXGroup;
			children = (
				9B1734112C647055005DF51B /* FaqsDemo */,
				9B1734282C647059005DF51B /* FaqsDemoTests */,
				9B1734322C647059005DF51B /* FaqsDemoUITests */,
				9B1734102C647055005DF51B /* Products */,
			);
			sourceTree = "<group>";
		};
		9B1734102C647055005DF51B /* Products */ = {
			isa = PBXGroup;
			children = (
				9B17340F2C647055005DF51B /* FaqsDemo.app */,
				9B1734252C647059005DF51B /* FaqsDemoTests.xctest */,
				9B17342F2C647059005DF51B /* FaqsDemoUITests.xctest */,
			);
			name = Products;
			sourceTree = "<group>";
		};
		9B1734112C647055005DF51B /* FaqsDemo */ = {
			isa = PBXGroup;
			children = (
				9B1734122C647055005DF51B /* AppDelegate.swift */,
				9B1734142C647055005DF51B /* SceneDelegate.swift */,
				9B1734162C647055005DF51B /* ViewController.swift */,
				9B1734182C647055005DF51B /* Main.storyboard */,
				9B17341B2C647059005DF51B /* Assets.xcassets */,
				9B17341D2C647059005DF51B /* LaunchScreen.storyboard */,
				9B1734202C647059005DF51B /* Info.plist */,
			);
			path = FaqsDemo;
			sourceTree = "<group>";
		};
		9B1734282C647059005DF51B /* FaqsDemoTests */ = {
			isa = PBXGroup;
			children = (
				9B1734292C647059005DF51B /* FaqsDemoTests.swift */,
			);
			path = FaqsDemoTests;
			sourceTree = "<group>";
		};
		9B1734322C647059005DF51B /* FaqsDemoUITests */ = {
			isa = PBXGroup;
			children = (
				9B1734332C647059005DF51B /* FaqsDemoUITests.swift */,
				9B1734352C647059005DF51B /* FaqsDemoUITestsLaunchTests.swift */,
			);
			path = FaqsDemoUITests;
			sourceTree = "<group>";
		};
/* End PBXGroup section */

/* Begin PBXNativeTarget section */
		9B17340E2C647055005DF51B /* FaqsDemo */ = {
			isa = PBXNativeTarget;
			buildConfigurationList = 9B1734392C647059005DF51B /* Build configuration list for PBXNativeTarget "FaqsDemo" */;
			buildPhases = (
				9B17340B2C647055005DF51B /* Sources */,
				9B17340C2C647055005DF51B /* Frameworks */,
				9B17340D2C647055005DF51B /* Resources */,
			);
			buildRules = (
			);
			dependencies = (
			);
			name = FaqsDemo;
			productName = FaqsDemo;
			productReference = 9B17340F2C647055005DF51B /* FaqsDemo.app */;
			productType = "com.apple.product-type.application";
		};
		9B1734242C647059005DF51B /* FaqsDemoTests */ = {
			isa = PBXNativeTarget;
			buildConfigurationList = 9B17343C2C647059005DF51B /* Build configuration list for PBXNativeTarget "FaqsDemoTests" */;
			buildPhases = (
				9B1734212C647059005DF51B /* Sources */,
				9B1734222C647059005DF51B /* Frameworks */,
				9B1734232C647059005DF51B /* Resources */,
			);
			buildRules = (
			);
			dependencies = (
				9B1734272C647059005DF51B /* PBXTargetDependency */,
			);
			name = FaqsDemoTests;
			productName = FaqsDemoTests;
			productReference = 9B1734252C647059005DF51B /* FaqsDemoTests.xctest */;
			productType = "com.apple.product-type.bundle.unit-test";
		};
		9B17342E2C647059005DF51B /* FaqsDemoUITests */ = {
			isa = PBXNativeTarget;
			buildConfigurationList = 9B17343F2C647059005DF51B /* Build configuration list for PBXNativeTarget "FaqsDemoUITests" */;
			buildPhases = (
				9B17342B2C647059005DF51B /* Sources */,
				9B17342C2C647059005DF51B /* Frameworks */,
				9B17342D2C647059005DF51B /* Resources */,
			);
			buildRules = (
			);
			dependencies = (
				9B1734312C647059005DF51B /* PBXTargetDependency */,
			);
			name = FaqsDemoUITests;
			productName = FaqsDemoUITests;
			productReference = 9B17342F2C647059005DF51B /* FaqsDemoUITests.xctest */;
			productType = "com.apple.product-type.bundle.ui-testing";
		};
/* End PBXNativeTarget section */

/* Begin PBXProject section */
		9B1734072C647055005DF51B /* Project object */ = {
			isa = PBXProject;
			attributes = {
				BuildIndependentTargetsInParallel = 1;
				LastSwiftUpdateCheck = 1520;
				LastUpgradeCheck = 1520;
				TargetAttributes = {
					9B17340E2C647055005DF51B = {
						CreatedOnToolsVersion = 15.2;
					};
					9B1734242C647059005DF51B = {
						CreatedOnToolsVersion = 15.2;
						TestTargetID = 9B17340E2C647055005DF51B;
					};
					9B17342E2C647059005DF51B = {
						CreatedOnToolsVersion = 15.2;
						TestTargetID = 9B17340E2C647055005DF51B;
					};
				};
			};
			buildConfigurationList = 9B17340A2C647055005DF51B /* Build configuration list for PBXProject "FaqsDemo" */;
			compatibilityVersion = "Xcode 14.0";
			developmentRegion = en;
			hasScannedForEncodings = 0;
			knownRegions = (
				en,
				Base,
			);
			mainGroup = 9B1734062C647055005DF51B;
			productRefGroup = 9B1734102C647055005DF51B /* Products */;
			projectDirPath = "";
			projectRoot = "";
			targets = (
				9B17340E2C647055005DF51B /* FaqsDemo */,
				9B1734242C647059005DF51B /* FaqsDemoTests */,
				9B17342E2C647059005DF51B /* FaqsDemoUITests */,
			);
		};
/* End PBXProject section */

/* Begin PBXResourcesBuildPhase section */
		9B17340D2C647055005DF51B /* Resources */ = {
			isa = PBXResourcesBuildPhase;
			buildActionMask = 2147483647;
			files = (
				9B17341F2C647059005DF51B /* LaunchScreen.storyboard in Resources */,
				9B17341C2C647059005DF51B /* Assets.xcassets in Resources */,
				9B17341A2C647055005DF51B /* Main.storyboard in Resources */,
			);
			runOnlyForDeploymentPostprocessing = 0;
		};
		9B1734232C647059005DF51B /* Resources */ = {
			isa = PBXResourcesBuildPhase;
			buildActionMask = 2147483647;
			files = (
			);
			runOnlyForDeploymentPostprocessing = 0;
		};
		9B17342D2C647059005DF51B /* Resources */ = {
			isa = PBXResourcesBuildPhase;
			buildActionMask = 2147483647;
			files = (
			);
			runOnlyForDeploymentPostprocessing = 0;
		};
/* End PBXResourcesBuildPhase section */

/* Begin PBXSourcesBuildPhase section */
		9B17340B2C647055005DF51B /* Sources */ = {
			isa = PBXSourcesBuildPhase;
			buildActionMask = 2147483647;
			files = (
				9B1734172C647055005DF51B /* ViewController.swift in Sources */,
				9B1734132C647055005DF51B /* AppDelegate.swift in Sources */,
				9B1734152C647055005DF51B /* SceneDelegate.swift in Sources */,
			);
			runOnlyForDeploymentPostprocessing = 0;
		};
		9B1734212C647059005DF51B /* Sources */ = {
			isa = PBXSourcesBuildPhase;
			buildActionMask = 2147483647;
			files = (
				9B17342A2C647059005DF51B /* FaqsDemoTests.swift in Sources */,
			);
			runOnlyForDeploymentPostprocessing = 0;
		};
		9B17342B2C647059005DF51B /* Sources */ = {
			isa = PBXSourcesBuildPhase;
			buildActionMask = 2147483647;
			files = (
				9B1734362C647059005DF51B /* FaqsDemoUITestsLaunchTests.swift in Sources */,
				9B1734342C647059005DF51B /* FaqsDemoUITests.swift in Sources */,
			);
			runOnlyForDeploymentPostprocessing = 0;
		};
/* End PBXSourcesBuildPhase section */

/* Begin PBXTargetDependency section */
		9B1734272C647059005DF51B /* PBXTargetDependency */ = {
			isa = PBXTargetDependency;
			target = 9B17340E2C647055005DF51B /* FaqsDemo */;
			targetProxy = 9B1734262C647059005DF51B /* PBXContainerItemProxy */;
		};
		9B1734312C647059005DF51B /* PBXTargetDependency */ = {
			isa = PBXTargetDependency;
			target = 9B17340E2C647055005DF51B /* FaqsDemo */;
			targetProxy = 9B1734302C647059005DF51B /* PBXContainerItemProxy */;
		};
/* End PBXTargetDependency section */

/* Begin PBXVariantGroup section */
		9B1734182C647055005DF51B /* Main.storyboard */ = {
			isa = PBXVariantGroup;
			children = (
				9B1734192C647055005DF51B /* Base */,
			);
			name = Main.storyboard;
			sourceTree = "<group>";
		};
		9B17341D2C647059005DF51B /* LaunchScreen.storyboard */ = {
			isa = PBXVariantGroup;
			children = (
				9B17341E2C647059005DF51B /* Base */,
			);
			name = LaunchScreen.storyboard;
			sourceTree = "<group>";
		};
/* End PBXVariantGroup section */

/* Begin XCBuildConfiguration section */
		9B1734372C647059005DF51B /* Debug */ = {
			isa = XCBuildConfiguration;
			buildSettings = {
				ALWAYS_SEARCH_USER_PATHS = NO;
				ASSETCATALOG_COMPILER_GENERATE_SWIFT_ASSET_SYMBOL_EXTENSIONS = YES;
				CLANG_ANALYZER_NONNULL = YES;
				CLANG_ANALYZER_NUMBER_OBJECT_CONVERSION = YES_AGGRESSIVE;
				CLANG_CXX_LANGUAGE_STANDARD = "gnu++20";
				CLANG_ENABLE_MODULES = YES;
				CLANG_ENABLE_OBJC_ARC = YES;
				CLANG_ENABLE_OBJC_WEAK = YES;
				CLANG_WARN_BLOCK_CAPTURE_AUTORELEASING = YES;
				CLANG_WARN_BOOL_CONVERSION = YES;
				CLANG_WARN_COMMA = YES;
				CLANG_WARN_CONSTANT_CONVERSION = YES;
				CLANG_WARN_DEPRECATED_OBJC_IMPLEMENTATIONS = YES;
				CLANG_WARN_DIRECT_OBJC_ISA_USAGE = YES_ERROR;
				CLANG_WARN_DOCUMENTATION_COMMENTS = YES;
				CLANG_WARN_EMPTY_BODY = YES;
				CLANG_WARN_ENUM_CONVERSION = YES;
				CLANG_WARN_INFINITE_RECURSION = YES;
				CLANG_WARN_INT_CONVERSION = YES;
				CLANG_WARN_NON_LITERAL_NULL_CONVERSION = YES;
				CLANG_WARN_OBJC_IMPLICIT_RETAIN_SELF = YES;
				CLANG_WARN_OBJC_LITERAL_CONVERSION = YES;
				CLANG_WARN_OBJC_ROOT_CLASS = YES_ERROR;
				CLANG_WARN_QUOTED_INCLUDE_IN_FRAMEWORK_HEADER = YES;
				CLANG_WARN_RANGE_LOOP_ANALYSIS = YES;
				CLANG_WARN_STRICT_PROTOTYPES = YES;
				CLANG_WARN_SUSPICIOUS_MOVE = YES;
				CLANG_WARN_UNGUARDED_AVAILABILITY = YES_AGGRESSIVE;
				CLANG_WARN_UNREACHABLE_CODE = YES;
				CLANG_WARN__DUPLICATE_METHOD_MATCH = YES;
				COPY_PHASE_STRIP = NO;
				DEBUG_INFORMATION_FORMAT = dwarf;
				ENABLE_STRICT_OBJC_MSGSEND = YES;
				ENABLE_TESTABILITY = YES;
				ENABLE_USER_SCRIPT_SANDBOXING = YES;
				GCC_C_LANGUAGE_STANDARD = gnu17;
				GCC_DYNAMIC_NO_PIC = NO;
				GCC_NO_COMMON_BLOCKS = YES;
				GCC_OPTIMIZATION_LEVEL = 0;
				GCC_PREPROCESSOR_DEFINITIONS = (
					"DEBUG=1",
					"$(inherited)",
				);
				GCC_WARN_64_TO_32_BIT_CONVERSION = YES;
				GCC_WARN_ABOUT_RETURN_TYPE = YES_ERROR;
				GCC_WARN_UNDECLARED_SELECTOR = YES;
				GCC_WARN_UNINITIALIZED_AUTOS = YES_AGGRESSIVE;
				GCC_WARN_UNUSED_FUNCTION = YES;
				GCC_WARN_UNUSED_VARIABLE = YES;
				IPHONEOS_DEPLOYMENT_TARGET = 17.2;
				LOCALIZATION_PREFERS_STRING_CATALOGS = YES;
				MTL_ENABLE_DEBUG_INFO = INCLUDE_SOURCE;
				MTL_FAST_MATH = YES;
				ONLY_ACTIVE_ARCH = YES;
				SDKROOT = iphoneos;
				SWIFT_ACTIVE_COMPILATION_CONDITIONS = "DEBUG $(inherited)";
				SWIFT_OPTIMIZATION_LEVEL = "-Onone";
			};
			name = Debug;
		};
		9B1734382C647059005DF51B /* Release */ = {
			isa = XCBuildConfiguration;
			buildSettings = {
				ALWAYS_SEARCH_USER_PATHS = NO;
				ASSETCATALOG_COMPILER_GENERATE_SWIFT_ASSET_SYMBOL_EXTENSIONS = YES;
				CLANG_ANALYZER_NONNULL = YES;
				CLANG_ANALYZER_NUMBER_OBJECT_CONVERSION = YES_AGGRESSIVE;
				CLANG_CXX_LANGUAGE_STANDARD = "gnu++20";
				CLANG_ENABLE_MODULES = YES;
				CLANG_ENABLE_OBJC_ARC = YES;
				CLANG_ENABLE_OBJC_WEAK = YES;
				CLANG_WARN_BLOCK_CAPTURE_AUTORELEASING = YES;
				CLANG_WARN_BOOL_CONVERSION = YES;
				CLANG_WARN_COMMA = YES;
				CLANG_WARN_CONSTANT_CONVERSION = YES;
				CLANG_WARN_DEPRECATED_OBJC_IMPLEMENTATIONS = YES;
				CLANG_WARN_DIRECT_OBJC_ISA_USAGE = YES_ERROR;
				CLANG_WARN_DOCUMENTATION_COMMENTS = YES;
				CLANG_WARN_EMPTY_BODY = YES;
				CLANG_WARN_ENUM_CONVERSION = YES;
				CLANG_WARN_INFINITE_RECURSION = YES;
				CLANG_WARN_INT_CONVERSION = YES;
				CLANG_WARN_NON_LITERAL_NULL_CONVERSION = YES;
				CLANG_WARN_OBJC_IMPLICIT_RETAIN_SELF = YES;
				CLANG_WARN_OBJC_LITERAL_CONVERSION = YES;
				CLANG_WARN_OBJC_ROOT_CLASS = YES_ERROR;
				CLANG_WARN_QUOTED_INCLUDE_IN_FRAMEWORK_HEADER = YES;
				CLANG_WARN_RANGE_LOOP_ANALYSIS = YES;
				CLANG_WARN_STRICT_PROTOTYPES = YES;
				CLANG_WARN_SUSPICIOUS_MOVE = YES;
				CLANG_WARN_UNGUARDED_AVAILABILITY = YES_AGGRESSIVE;
				CLANG_WARN_UNREACHABLE_CODE = YES;
				CLANG_WARN__DUPLICATE_METHOD_MATCH = YES;
				COPY_PHASE_STRIP = NO;
				DEBUG_INFORMATION_FORMAT = "dwarf-with-dsym";
				ENABLE_NS_ASSERTIONS = NO;
				ENABLE_STRICT_OBJC_MSGSEND = YES;
				ENABLE_USER_SCRIPT_SANDBOXING = YES;
				GCC_C_LANGUAGE_STANDARD = gnu17;
				GCC_NO_COMMON_BLOCKS = YES;
				GCC_WARN_64_TO_32_BIT_CONVERSION = YES;
				GCC_WARN_ABOUT_RETURN_TYPE = YES_ERROR;
				GCC_WARN_UNDECLARED_SELECTOR = YES;
				GCC_WARN_UNINITIALIZED_AUTOS = YES_AGGRESSIVE;
				GCC_WARN_UNUSED_FUNCTION = YES;
				GCC_WARN_UNUSED_VARIABLE = YES;
				IPHONEOS_DEPLOYMENT_TARGET = 17.2;
				LOCALIZATION_PREFERS_STRING_CATALOGS = YES;
				MTL_ENABLE_DEBUG_INFO = NO;
				MTL_FAST_MATH = YES;
				SDKROOT = iphoneos;
				SWIFT_COMPILATION_MODE = wholemodule;
				VALIDATE_PRODUCT = YES;
			};
			name = Release;
		};
		9B17343A2C647059005DF51B /* Debug */ = {
			isa = XCBuildConfiguration;
			buildSettings = {
				ASSETCATALOG_COMPILER_APPICON_NAME = AppIcon;
				ASSETCATALOG_COMPILER_GLOBAL_ACCENT_COLOR_NAME = AccentColor;
				CODE_SIGN_STYLE = Automatic;
				CURRENT_PROJECT_VERSION = 1;
				GENERATE_INFOPLIST_FILE = YES;
				INFOPLIST_FILE = FaqsDemo/Info.plist;
				INFOPLIST_KEY_UIApplicationSupportsIndirectInputEvents = YES;
				INFOPLIST_KEY_UILaunchStoryboardName = LaunchScreen;
				INFOPLIST_KEY_UIMainStoryboardFile = Main;
				INFOPLIST_KEY_UISupportedInterfaceOrientations_iPad = "UIInterfaceOrientationPortrait UIInterfaceOrientationPortraitUpsideDown UIInterfaceOrientationLandscapeLeft UIInterfaceOrientationLandscapeRight";
				INFOPLIST_KEY_UISupportedInterfaceOrientations_iPhone = "UIInterfaceOrientationPortrait UIInterfaceOrientationLandscapeLeft UIInterfaceOrientationLandscapeRight";
				LD_RUNPATH_SEARCH_PATHS = (
					"$(inherited)",
					"@executable_path/Frameworks",
				);
				MARKETING_VERSION = 1.0;
				PRODUCT_BUNDLE_IDENTIFIER = com.eduardo.FaqsDemo;
				PRODUCT_NAME = "$(TARGET_NAME)";
				SWIFT_EMIT_LOC_STRINGS = YES;
				SWIFT_VERSION = 5.0;
				TARGETED_DEVICE_FAMILY = "1,2";
			};
			name = Debug;
		};
		9B17343B2C647059005DF51B /* Release */ = {
			isa = XCBuildConfiguration;
			buildSettings = {
				ASSETCATALOG_COMPILER_APPICON_NAME = AppIcon;
				ASSETCATALOG_COMPILER_GLOBAL_ACCENT_COLOR_NAME = AccentColor;
				CODE_SIGN_STYLE = Automatic;
				CURRENT_PROJECT_VERSION = 1;
				GENERATE_INFOPLIST_FILE = YES;
				INFOPLIST_FILE = FaqsDemo/Info.plist;
				INFOPLIST_KEY_UIApplicationSupportsIndirectInputEvents = YES;
				INFOPLIST_KEY_UILaunchStoryboardName = LaunchScreen;
				INFOPLIST_KEY_UIMainStoryboardFile = Main;
				INFOPLIST_KEY_UISupportedInterfaceOrientations_iPad = "UIInterfaceOrientationPortrait UIInterfaceOrientationPortraitUpsideDown UIInterfaceOrientationLandscapeLeft UIInterfaceOrientationLandscapeRight";
				INFOPLIST_KEY_UISupportedInterfaceOrientations_iPhone = "UIInterfaceOrientationPortrait UIInterfaceOrientationLandscapeLeft UIInterfaceOrientationLandscapeRight";
				LD_RUNPATH_SEARCH_PATHS = (
					"$(inherited)",
					"@executable_path/Frameworks",
				);
				MARKETING_VERSION = 1.0;
				PRODUCT_BUNDLE_IDENTIFIER = com.eduardo.FaqsDemo;
				PRODUCT_NAME = "$(TARGET_NAME)";
				SWIFT_EMIT_LOC_STRINGS = YES;
				SWIFT_VERSION = 5.0;
				TARGETED_DEVICE_FAMILY = "1,2";
			};
			name = Release;
		};
		9B17343D2C647059005DF51B /* Debug */ = {
			isa = XCBuildConfiguration;
			buildSettings = {
				ALWAYS_EMBED_SWIFT_STANDARD_LIBRARIES = YES;
				BUNDLE_LOADER = "$(TEST_HOST)";
				CODE_SIGN_STYLE = Automatic;
				CURRENT_PROJECT_VERSION = 1;
				GENERATE_INFOPLIST_FILE = YES;
				IPHONEOS_DEPLOYMENT_TARGET = 17.2;
				MARKETING_VERSION = 1.0;
				PRODUCT_BUNDLE_IDENTIFIER = com.eduardo.FaqsDemoTests;
				PRODUCT_NAME = "$(TARGET_NAME)";
				SWIFT_EMIT_LOC_STRINGS = NO;
				SWIFT_VERSION = 5.0;
				TARGETED_DEVICE_FAMILY = "1,2";
				TEST_HOST = "$(BUILT_PRODUCTS_DIR)/FaqsDemo.app/$(BUNDLE_EXECUTABLE_FOLDER_PATH)/FaqsDemo";
			};
			name = Debug;
		};
		9B17343E2C647059005DF51B /* Release */ = {
			isa = XCBuildConfiguration;
			buildSettings = {
				ALWAYS_EMBED_SWIFT_STANDARD_LIBRARIES = YES;
				BUNDLE_LOADER = "$(TEST_HOST)";
				CODE_SIGN_STYLE = Automatic;
				CURRENT_PROJECT_VERSION = 1;
				GENERATE_INFOPLIST_FILE = YES;
				IPHONEOS_DEPLOYMENT_TARGET = 17.2;
				MARKETING_VERSION = 1.0;
				PRODUCT_BUNDLE_IDENTIFIER = com.eduardo.FaqsDemoTests;
				PRODUCT_NAME = "$(TARGET_NAME)";
				SWIFT_EMIT_LOC_STRINGS = NO;
				SWIFT_VERSION = 5.0;
				TARGETED_DEVICE_FAMILY = "1,2";
				TEST_HOST = "$(BUILT_PRODUCTS_DIR)/FaqsDemo.app/$(BUNDLE_EXECUTABLE_FOLDER_PATH)/FaqsDemo";
			};
			name = Release;
		};
		9B1734402C647059005DF51B /* Debug */ = {
			isa = XCBuildConfiguration;
			buildSettings = {
				ALWAYS_EMBED_SWIFT_STANDARD_LIBRARIES = YES;
				CODE_SIGN_STYLE = Automatic;
				CURRENT_PROJECT_VERSION = 1;
				GENERATE_INFOPLIST_FILE = YES;
				MARKETING_VERSION = 1.0;
				PRODUCT_BUNDLE_IDENTIFIER = com.eduardo.FaqsDemoUITests;
				PRODUCT_NAME = "$(TARGET_NAME)";
				SWIFT_EMIT_LOC_STRINGS = NO;
				SWIFT_VERSION = 5.0;
				TARGETED_DEVICE_FAMILY = "1,2";
				TEST_TARGET_NAME = FaqsDemo;
			};
			name = Debug;
		};
		9B1734412C647059005DF51B /* Release */ = {
			isa = XCBuildConfiguration;
			buildSettings = {
				ALWAYS_EMBED_SWIFT_STANDARD_LIBRARIES = YES;
				CODE_SIGN_STYLE = Automatic;
				CURRENT_PROJECT_VERSION = 1;
				GENERATE_INFOPLIST_FILE = YES;
				MARKETING_VERSION = 1.0;
				PRODUCT_BUNDLE_IDENTIFIER = com.eduardo.FaqsDemoUITests;
				PRODUCT_NAME = "$(TARGET_NAME)";
				SWIFT_EMIT_LOC_STRINGS = NO;
				SWIFT_VERSION = 5.0;
				TARGETED_DEVICE_FAMILY = "1,2";
				TEST_TARGET_NAME = FaqsDemo;
			};
			name = Release;
		};
/* End XCBuildConfiguration section */

/* Begin XCConfigurationList section */
		9B17340A2C647055005DF51B /* Build configuration list for PBXProject "FaqsDemo" */ = {
			isa = XCConfigurationList;
			buildConfigurations = (
				9B1734372C647059005DF51B /* Debug */,
				9B1734382C647059005DF51B /* Release */,
			);
			defaultConfigurationIsVisible = 0;
			defaultConfigurationName = Release;
		};
		9B1734392C647059005DF51B /* Build configuration list for PBXNativeTarget "FaqsDemo" */ = {
			isa = XCConfigurationList;
			buildConfigurations = (
				9B17343A2C647059005DF51B /* Debug */,
				9B17343B2C647059005DF51B /* Release */,
			);
			defaultConfigurationIsVisible = 0;
			defaultConfigurationName = Release;
		};
		9B17343C2C647059005DF51B /* Build configuration list for PBXNativeTarget "FaqsDemoTests" */ = {
			isa = XCConfigurationList;
			buildConfigurations = (
				9B17343D2C647059005DF51B /* Debug */,
				9B17343E2C647059005DF51B /* Release */,
			);
			defaultConfigurationIsVisible = 0;
			defaultConfigurationName = Release;
		};
		9B17343F2C647059005DF51B /* Build configuration list for PBXNativeTarget "FaqsDemoUITests" */ = {
			isa = XCConfigurationList;
			buildConfigurations = (
				9B1734402C647059005DF51B /* Debug */,
				9B1734412C647059005DF51B /* Release */,
			);
			defaultConfigurationIsVisible = 0;
			defaultConfigurationName = Release;
		};
/* End XCConfigurationList section */
	};
	rootObject = 9B1734072C647055005DF51B /* Project object */;
}
